
Microsoft Visual Studio Solution File, Format Version 12.00
# Visual Studio Version 17
VisualStudioVersion = 17.2.32616.157
MinimumVisualStudioVersion = 10.0.40219.1
Project("{9A19103F-16F7-4668-BE54-9A1E7A4F7556}") = "AspDotNetMVC1", "AspDotNetMVC1\AspDotNetMVC1.csproj", "{587A39CB-7C9D-49DA-BBE7-5A8FD9A90655}"
EndProject
Project("{9A19103F-16F7-4668-BE54-9A1E7A4F7556}") = "WebApplication_Shared_Services_Model", "WebApplication_Shared_Services_Model\WebApplication_Shared_Services_Model.csproj", "{0F63D62E-07B9-4297-AC91-8016059203FE}"
EndProject
Global
	GlobalSection(SolutionConfigurationPlatforms) = preSolution
		Debug|Any CPU = Debug|Any CPU
		Release|Any CPU = Release|Any CPU
	EndGlobalSection
	GlobalSection(ProjectConfigurationPlatforms) = postSolution
		{587A39CB-7C9D-49DA-BBE7-5A8FD9A90655}.Debug|Any CPU.ActiveCfg = Debug|Any CPU
		{587A39CB-7C9D-49DA-BBE7-5A8FD9A90655}.Debug|Any CPU.Build.0 = Debug|Any CPU
		{587A39CB-7C9D-49DA-BBE7-5A8FD9A90655}.Release|Any CPU.ActiveCfg = Release|Any CPU
		{587A39CB-7C9D-49DA-BBE7-5A8FD9A90655}.Release|Any CPU.Build.0 = Release|Any CPU
		{0F63D62E-07B9-4297-AC91-8016059203FE}.Debug|Any CPU.ActiveCfg = Debug|Any CPU
		{0F63D62E-07B9-4297-AC91-8016059203FE}.Debug|Any CPU.Build.0 = Debug|Any CPU
		{0F63D62E-07B9-4297-AC91-8016059203FE}.Release|Any CPU.ActiveCfg = Release|Any CPU
		{0F63D62E-07B9-4297-AC91-8016059203FE}.Release|Any CPU.Build.0 = Release|Any CPU
	EndGlobalSection
	GlobalSection(SolutionProperties) = preSolution
		HideSolutionNode = FALSE
	EndGlobalSection
	GlobalSection(ExtensibilityGlobals) = postSolution
		SolutionGuid = {0E050FFE-0AE1-45B5-89BB-0F3DE64F003F}
	EndGlobalSection
EndGlobal
